// !$*UTF8*$!
{
	archiveVersion = 1;
	classes = {
	};
	objectVersion = 46;
	objects = {

/* Begin PBXBuildFile section */
		2204C5F215E1537C00F71E15 /* ECLogging.framework in Frameworks */ = {isa = PBXBuildFile; fileRef = 2204C5ED15E1536200F71E15 /* ECLogging.framework */; };
		2204C6FB15E2739100F71E15 /* ECLaunchD.h in Headers */ = {isa = PBXBuildFile; fileRef = 2204C6F515E2739100F71E15 /* ECLaunchD.h */; settings = {ATTRIBUTES = (Public, ); }; };
		2204C6FC15E2739100F71E15 /* ECLaunchD.m in Sources */ = {isa = PBXBuildFile; fileRef = 2204C6F615E2739100F71E15 /* ECLaunchD.m */; };
		2204C6FD15E2739100F71E15 /* ECMachPorts.h in Headers */ = {isa = PBXBuildFile; fileRef = 2204C6F715E2739100F71E15 /* ECMachPorts.h */; settings = {ATTRIBUTES = (Public, ); }; };
		2204C6FE15E2739100F71E15 /* ECMachPorts.m in Sources */ = {isa = PBXBuildFile; fileRef = 2204C6F815E2739100F71E15 /* ECMachPorts.m */; };
		2204C6FF15E2739100F71E15 /* ECUnixPorts.h in Headers */ = {isa = PBXBuildFile; fileRef = 2204C6F915E2739100F71E15 /* ECUnixPorts.h */; settings = {ATTRIBUTES = (Public, ); }; };
		2204C70015E2739100F71E15 /* ECUnixPorts.m in Sources */ = {isa = PBXBuildFile; fileRef = 2204C6FA15E2739100F71E15 /* ECUnixPorts.m */; };
		220A160917710B6F00173510 /* ECUnitTests.framework in Frameworks */ = {isa = PBXBuildFile; fileRef = 220A160817710B6F00173510 /* ECUnitTests.framework */; };
		220A160A17710B9600173510 /* ECUnitTests.framework in Frameworks */ = {isa = PBXBuildFile; fileRef = 220A160817710B6F00173510 /* ECUnitTests.framework */; };
		220D67E916D43E3300276CD1 /* ECNetwork.h in Headers */ = {isa = PBXBuildFile; fileRef = 220D67E816D43E3300276CD1 /* ECNetwork.h */; settings = {ATTRIBUTES = (Public, ); }; };
		220D67F216D43F5400276CD1 /* ECListener.h in Headers */ = {isa = PBXBuildFile; fileRef = 220D67EE16D43F5400276CD1 /* ECListener.h */; settings = {ATTRIBUTES = (Public, ); }; };
		220D67F316D43F5400276CD1 /* ECListener.h in Headers */ = {isa = PBXBuildFile; fileRef = 220D67EE16D43F5400276CD1 /* ECListener.h */; settings = {ATTRIBUTES = (Public, ); }; };
		220D67F416D43F5400276CD1 /* ECListener.m in Sources */ = {isa = PBXBuildFile; fileRef = 220D67EF16D43F5400276CD1 /* ECListener.m */; };
		220D67F516D43F5400276CD1 /* ECListener.m in Sources */ = {isa = PBXBuildFile; fileRef = 220D67EF16D43F5400276CD1 /* ECListener.m */; };
		220D67F616D43F5400276CD1 /* ECNetworkError.h in Headers */ = {isa = PBXBuildFile; fileRef = 220D67F016D43F5400276CD1 /* ECNetworkError.h */; settings = {ATTRIBUTES = (Public, ); }; };
		220D67F716D43F5400276CD1 /* ECNetworkError.h in Headers */ = {isa = PBXBuildFile; fileRef = 220D67F016D43F5400276CD1 /* ECNetworkError.h */; settings = {ATTRIBUTES = (Public, ); }; };
		220D67F816D43F5400276CD1 /* ECNetworkError.m in Sources */ = {isa = PBXBuildFile; fileRef = 220D67F116D43F5400276CD1 /* ECNetworkError.m */; };
		220D67F916D43F5400276CD1 /* ECNetworkError.m in Sources */ = {isa = PBXBuildFile; fileRef = 220D67F116D43F5400276CD1 /* ECNetworkError.m */; };
		220D67FC16D43FE000276CD1 /* ECListenerTests.m in Sources */ = {isa = PBXBuildFile; fileRef = 220D67FB16D43FE000276CD1 /* ECListenerTests.m */; };
		220D67FD16D43FE000276CD1 /* ECListenerTests.m in Sources */ = {isa = PBXBuildFile; fileRef = 220D67FB16D43FE000276CD1 /* ECListenerTests.m */; };
		220D680016D444CD00276CD1 /* ECNetwork.h in Headers */ = {isa = PBXBuildFile; fileRef = 220D67FF16D444CD00276CD1 /* ECNetwork.h */; settings = {ATTRIBUTES = (Public, ); }; };
		220D680916D44D0E00276CD1 /* UIKit.framework in Frameworks */ = {isa = PBXBuildFile; fileRef = 220D680816D44D0E00276CD1 /* UIKit.framework */; };
		220D680D16D44F1700276CD1 /* ECLogging.framework in Frameworks */ = {isa = PBXBuildFile; fileRef = 2204C5ED15E1536200F71E15 /* ECLogging.framework */; };
		220D699D15DC510900CCC17C /* ECNetwork.framework in CopyFiles */ = {isa = PBXBuildFile; fileRef = 2251B9FF15DBCC3E00F2FE40 /* ECNetwork.framework */; };
		2218F8BD16D95C73005AB648 /* ECNetwork.framework in Frameworks */ = {isa = PBXBuildFile; fileRef = 2251B9FF15DBCC3E00F2FE40 /* ECNetwork.framework */; };
		2218F8BE16D95D17005AB648 /* ECLogging.framework in Frameworks */ = {isa = PBXBuildFile; fileRef = 2204C5ED15E1536200F71E15 /* ECLogging.framework */; };
		2251BA0015DBCC3E00F2FE40 /* Cocoa.framework in Frameworks */ = {isa = PBXBuildFile; fileRef = 2283A3BB14F52E93009142F7 /* Cocoa.framework */; };
		2251BA6415DBD9A600F2FE40 /* ECNetwork.framework in Frameworks */ = {isa = PBXBuildFile; fileRef = 2251B9FF15DBCC3E00F2FE40 /* ECNetwork.framework */; };
		2268499E14F5720600B8691A /* SenTestingKit.framework in Frameworks */ = {isa = PBXBuildFile; fileRef = 2283A3CD14F52E93009142F7 /* SenTestingKit.framework */; };
		2268499F14F5722300B8691A /* Cocoa.framework in Frameworks */ = {isa = PBXBuildFile; fileRef = 2283A3BB14F52E93009142F7 /* Cocoa.framework */; };
		2274B38E14F56896003B8A0B /* SenTestingKit.framework in Frameworks */ = {isa = PBXBuildFile; fileRef = 2283A3CD14F52E93009142F7 /* SenTestingKit.framework */; };
/* End PBXBuildFile section */

/* Begin PBXCopyFilesBuildPhase section */
		2251BBA015DC183000F2FE40 /* CopyFiles */ = {
			isa = PBXCopyFilesBuildPhase;
			buildActionMask = 2147483647;
			dstPath = "";
			dstSubfolderSpec = 10;
			files = (
				220D699D15DC510900CCC17C /* ECNetwork.framework in CopyFiles */,
			);
			runOnlyForDeploymentPostprocessing = 0;
		};
/* End PBXCopyFilesBuildPhase section */

/* Begin PBXFileReference section */
		2204C5EC15E1536200F71E15 /* ECCore.framework */ = {isa = PBXFileReference; lastKnownFileType = wrapper.framework; name = ECCore.framework; path = "/Caches/DerivedData/ECIntegration-fbajcwyruhnhxzgnphlhxaexutkp/Build/Products/Debug/ECCore.framework"; sourceTree = "<absolute>"; };
		2204C5ED15E1536200F71E15 /* ECLogging.framework */ = {isa = PBXFileReference; lastKnownFileType = wrapper.framework; name = ECLogging.framework; path = "/Caches/DerivedData/ECIntegration-fbajcwyruhnhxzgnphlhxaexutkp/Build/Products/Debug/ECLogging.framework"; sourceTree = "<absolute>"; };
		2204C6F515E2739100F71E15 /* ECLaunchD.h */ = {isa = PBXFileReference; fileEncoding = 4; lastKnownFileType = sourcecode.c.h; path = ECLaunchD.h; sourceTree = "<group>"; };
		2204C6F615E2739100F71E15 /* ECLaunchD.m */ = {isa = PBXFileReference; fileEncoding = 4; lastKnownFileType = sourcecode.c.objc; path = ECLaunchD.m; sourceTree = "<group>"; };
		2204C6F715E2739100F71E15 /* ECMachPorts.h */ = {isa = PBXFileReference; fileEncoding = 4; lastKnownFileType = sourcecode.c.h; path = ECMachPorts.h; sourceTree = "<group>"; };
		2204C6F815E2739100F71E15 /* ECMachPorts.m */ = {isa = PBXFileReference; fileEncoding = 4; lastKnownFileType = sourcecode.c.objc; path = ECMachPorts.m; sourceTree = "<group>"; };
		2204C6F915E2739100F71E15 /* ECUnixPorts.h */ = {isa = PBXFileReference; fileEncoding = 4; lastKnownFileType = sourcecode.c.h; path = ECUnixPorts.h; sourceTree = "<group>"; };
		2204C6FA15E2739100F71E15 /* ECUnixPorts.m */ = {isa = PBXFileReference; fileEncoding = 4; lastKnownFileType = sourcecode.c.objc; path = ECUnixPorts.m; sourceTree = "<group>"; };
		220A160817710B6F00173510 /* ECUnitTests.framework */ = {isa = PBXFileReference; lastKnownFileType = wrapper.framework; path = ECUnitTests.framework; sourceTree = BUILT_PRODUCTS_DIR; };
		220D67E816D43E3300276CD1 /* ECNetwork.h */ = {isa = PBXFileReference; fileEncoding = 4; lastKnownFileType = sourcecode.c.h; path = ECNetwork.h; sourceTree = "<group>"; };
		220D67EE16D43F5400276CD1 /* ECListener.h */ = {isa = PBXFileReference; fileEncoding = 4; lastKnownFileType = sourcecode.c.h; path = ECListener.h; sourceTree = "<group>"; };
		220D67EF16D43F5400276CD1 /* ECListener.m */ = {isa = PBXFileReference; fileEncoding = 4; lastKnownFileType = sourcecode.c.objc; path = ECListener.m; sourceTree = "<group>"; };
		220D67F016D43F5400276CD1 /* ECNetworkError.h */ = {isa = PBXFileReference; fileEncoding = 4; lastKnownFileType = sourcecode.c.h; path = ECNetworkError.h; sourceTree = "<group>"; };
		220D67F116D43F5400276CD1 /* ECNetworkError.m */ = {isa = PBXFileReference; fileEncoding = 4; lastKnownFileType = sourcecode.c.objc; path = ECNetworkError.m; sourceTree = "<group>"; };
		220D67FB16D43FE000276CD1 /* ECListenerTests.m */ = {isa = PBXFileReference; fileEncoding = 4; lastKnownFileType = sourcecode.c.objc; name = ECListenerTests.m; path = Generic/ECListenerTests.m; sourceTree = "<group>"; };
		220D67FF16D444CD00276CD1 /* ECNetwork.h */ = {isa = PBXFileReference; fileEncoding = 4; lastKnownFileType = sourcecode.c.h; path = ECNetwork.h; sourceTree = "<group>"; };
		220D680816D44D0E00276CD1 /* UIKit.framework */ = {isa = PBXFileReference; lastKnownFileType = wrapper.framework; name = UIKit.framework; path = Platforms/iPhoneOS.platform/Developer/SDKs/iPhoneOS6.1.sdk/System/Library/Frameworks/UIKit.framework; sourceTree = DEVELOPER_DIR; };
		2251B9FF15DBCC3E00F2FE40 /* ECNetwork.framework */ = {isa = PBXFileReference; explicitFileType = wrapper.framework; includeInIndex = 0; path = ECNetwork.framework; sourceTree = BUILT_PRODUCTS_DIR; };
		2251BA1215DBCC4A00F2FE40 /* ECNetwork.framework */ = {isa = PBXFileReference; explicitFileType = wrapper.cfbundle; includeInIndex = 0; path = ECNetwork.framework; sourceTree = BUILT_PRODUCTS_DIR; };
		2251BA1315DBCC4A00F2FE40 /* CoreFoundation.framework */ = {isa = PBXFileReference; lastKnownFileType = wrapper.framework; name = CoreFoundation.framework; path = System/Library/Frameworks/CoreFoundation.framework; sourceTree = SDKROOT; };
		2251BA4315DBCD3900F2FE40 /* IOSDebug.xcconfig */ = {isa = PBXFileReference; lastKnownFileType = text.xcconfig; path = IOSDebug.xcconfig; sourceTree = "<group>"; };
		2251BA4415DBCD3900F2FE40 /* IOSRelease.xcconfig */ = {isa = PBXFileReference; lastKnownFileType = text.xcconfig; path = IOSRelease.xcconfig; sourceTree = "<group>"; };
		2251BA4515DBCD3900F2FE40 /* MacDebug.xcconfig */ = {isa = PBXFileReference; lastKnownFileType = text.xcconfig; path = MacDebug.xcconfig; sourceTree = "<group>"; };
		2251BA4615DBCD3900F2FE40 /* MacRelease.xcconfig */ = {isa = PBXFileReference; lastKnownFileType = text.xcconfig; path = MacRelease.xcconfig; sourceTree = "<group>"; };
		2251BA5C15DBD68500F2FE40 /* IOSUnitTestDebug.xcconfig */ = {isa = PBXFileReference; lastKnownFileType = text.xcconfig; path = IOSUnitTestDebug.xcconfig; sourceTree = "<group>"; };
		2251BA5D15DBD68500F2FE40 /* IOSUnitTestRelease.xcconfig */ = {isa = PBXFileReference; lastKnownFileType = text.xcconfig; path = IOSUnitTestRelease.xcconfig; sourceTree = "<group>"; };
		2251BA5E15DBD68500F2FE40 /* MacUnitTestDebug.xcconfig */ = {isa = PBXFileReference; lastKnownFileType = text.xcconfig; path = MacUnitTestDebug.xcconfig; sourceTree = "<group>"; };
		2251BA5F15DBD68500F2FE40 /* MacUnitTestRelease.xcconfig */ = {isa = PBXFileReference; lastKnownFileType = text.xcconfig; path = MacUnitTestRelease.xcconfig; sourceTree = "<group>"; };
		2251BA6C15DBDA5100F2FE40 /* Info.plist */ = {isa = PBXFileReference; fileEncoding = 4; lastKnownFileType = text.plist.xml; path = Info.plist; sourceTree = "<group>"; };
		22552BC9134B9E5300B8894E /* Foundation.framework */ = {isa = PBXFileReference; lastKnownFileType = wrapper.framework; name = Foundation.framework; path = System/Library/Frameworks/Foundation.framework; sourceTree = SDKROOT; };
		225EC67211EBAA4800A97AEA /* ECNetworkMacTests.octest */ = {isa = PBXFileReference; explicitFileType = wrapper.cfbundle; includeInIndex = 0; path = ECNetworkMacTests.octest; sourceTree = BUILT_PRODUCTS_DIR; };
		2274B37814F56679003B8A0B /* ECNetworkTests.plist */ = {isa = PBXFileReference; fileEncoding = 4; lastKnownFileType = text.plist.xml; path = ECNetworkTests.plist; sourceTree = "<group>"; };
		2274B38D14F56896003B8A0B /* ECNetworkIOSTests.octest */ = {isa = PBXFileReference; explicitFileType = wrapper.cfbundle; includeInIndex = 0; path = ECNetworkIOSTests.octest; sourceTree = BUILT_PRODUCTS_DIR; };
		2283A3BB14F52E93009142F7 /* Cocoa.framework */ = {isa = PBXFileReference; lastKnownFileType = wrapper.framework; name = Cocoa.framework; path = System/Library/Frameworks/Cocoa.framework; sourceTree = SDKROOT; };
		2283A3BE14F52E93009142F7 /* AppKit.framework */ = {isa = PBXFileReference; lastKnownFileType = wrapper.framework; name = AppKit.framework; path = System/Library/Frameworks/AppKit.framework; sourceTree = SDKROOT; };
		2283A3CD14F52E93009142F7 /* SenTestingKit.framework */ = {isa = PBXFileReference; lastKnownFileType = wrapper.framework; name = SenTestingKit.framework; path = Library/Frameworks/SenTestingKit.framework; sourceTree = DEVELOPER_DIR; };
		2283A4CB14F53C6F009142F7 /* ECNetworkShared.pch */ = {isa = PBXFileReference; fileEncoding = 4; lastKnownFileType = sourcecode.c.h; path = ECNetworkShared.pch; sourceTree = "<group>"; };
		22970D3C14F5AA80007B254B /* ECNetworkDebug.pch */ = {isa = PBXFileReference; fileEncoding = 4; lastKnownFileType = sourcecode.c.h; path = ECNetworkDebug.pch; sourceTree = "<group>"; };
		22970D3D14F5AA80007B254B /* ECNetworkRelease.pch */ = {isa = PBXFileReference; fileEncoding = 4; lastKnownFileType = sourcecode.c.h; path = ECNetworkRelease.pch; sourceTree = "<group>"; };
/* End PBXFileReference section */

/* Begin PBXFrameworksBuildPhase section */
		2251B9FB15DBCC3E00F2FE40 /* Frameworks */ = {
			isa = PBXFrameworksBuildPhase;
			buildActionMask = 2147483647;
			files = (
				2204C5F215E1537C00F71E15 /* ECLogging.framework in Frameworks */,
				2251BA0015DBCC3E00F2FE40 /* Cocoa.framework in Frameworks */,
			);
			runOnlyForDeploymentPostprocessing = 0;
		};
		2251BA0F15DBCC4A00F2FE40 /* Frameworks */ = {
			isa = PBXFrameworksBuildPhase;
			buildActionMask = 2147483647;
			files = (
				220D680D16D44F1700276CD1 /* ECLogging.framework in Frameworks */,
			);
			runOnlyForDeploymentPostprocessing = 0;
		};
		225EC66F11EBAA4800A97AEA /* Frameworks */ = {
			isa = PBXFrameworksBuildPhase;
			buildActionMask = 2147483647;
			files = (
				220A160917710B6F00173510 /* ECUnitTests.framework in Frameworks */,
				2218F8BE16D95D17005AB648 /* ECLogging.framework in Frameworks */,
				2251BA6415DBD9A600F2FE40 /* ECNetwork.framework in Frameworks */,
				2268499F14F5722300B8691A /* Cocoa.framework in Frameworks */,
				2268499E14F5720600B8691A /* SenTestingKit.framework in Frameworks */,
			);
			runOnlyForDeploymentPostprocessing = 0;
		};
		2274B38914F56896003B8A0B /* Frameworks */ = {
			isa = PBXFrameworksBuildPhase;
			buildActionMask = 2147483647;
			files = (
				220D680916D44D0E00276CD1 /* UIKit.framework in Frameworks */,
				2274B38E14F56896003B8A0B /* SenTestingKit.framework in Frameworks */,
				2218F8BD16D95C73005AB648 /* ECNetwork.framework in Frameworks */,
				220A160A17710B9600173510 /* ECUnitTests.framework in Frameworks */,
			);
			runOnlyForDeploymentPostprocessing = 0;
		};
/* End PBXFrameworksBuildPhase section */

/* Begin PBXGroup section */
		034768DFFF38A50411DB9C8B /* Products */ = {
			isa = PBXGroup;
			children = (
				225EC67211EBAA4800A97AEA /* ECNetworkMacTests.octest */,
				2274B38D14F56896003B8A0B /* ECNetworkIOSTests.octest */,
				2251B9FF15DBCC3E00F2FE40 /* ECNetwork.framework */,
				2251BA1215DBCC4A00F2FE40 /* ECNetwork.framework */,
			);
			name = Products;
			path = ../..;
			sourceTree = BUILT_PRODUCTS_DIR;
		};
		0867D691FE84028FC02AAC07 /* ECFoundation */ = {
			isa = PBXGroup;
			children = (
				22BBB10114F646D20086974D /* Source */,
				2274B37714F56679003B8A0B /* Resources */,
				0867D69AFE84028FC02AAC07 /* Frameworks */,
				034768DFFF38A50411DB9C8B /* Products */,
			);
			name = ECFoundation;
			sourceTree = "<group>";
			usesTabs = 1;
		};
		0867D69AFE84028FC02AAC07 /* Frameworks */ = {
			isa = PBXGroup;
			children = (
				220A160817710B6F00173510 /* ECUnitTests.framework */,
				2204C5EC15E1536200F71E15 /* ECCore.framework */,
				2204C5ED15E1536200F71E15 /* ECLogging.framework */,
				223CBAE11205C5930008A641 /* System */,
				2283A3BD14F52E93009142F7 /* Other Frameworks */,
			);
			name = Frameworks;
			sourceTree = "<group>";
		};
		220D67ED16D43F5400276CD1 /* Generic */ = {
			isa = PBXGroup;
			children = (
				220D67EE16D43F5400276CD1 /* ECListener.h */,
				220D67EF16D43F5400276CD1 /* ECListener.m */,
				220D67F016D43F5400276CD1 /* ECNetworkError.h */,
				220D67F116D43F5400276CD1 /* ECNetworkError.m */,
			);
			path = Generic;
			sourceTree = "<group>";
		};
		220D67FE16D444CD00276CD1 /* iOS */ = {
			isa = PBXGroup;
			children = (
				220D67FF16D444CD00276CD1 /* ECNetwork.h */,
			);
			path = iOS;
			sourceTree = "<group>";
		};
		223CBAE11205C5930008A641 /* System */ = {
			isa = PBXGroup;
			children = (
				220D680816D44D0E00276CD1 /* UIKit.framework */,
				2283A3BE14F52E93009142F7 /* AppKit.framework */,
				2251BA1315DBCC4A00F2FE40 /* CoreFoundation.framework */,
				2283A3BB14F52E93009142F7 /* Cocoa.framework */,
				22552BC9134B9E5300B8894E /* Foundation.framework */,
			);
			name = System;
			sourceTree = "<group>";
		};
		2251BA4215DBCD3900F2FE40 /* Configuration */ = {
			isa = PBXGroup;
			children = (
				2251BA4315DBCD3900F2FE40 /* IOSDebug.xcconfig */,
				2251BA4415DBCD3900F2FE40 /* IOSRelease.xcconfig */,
				2251BA4515DBCD3900F2FE40 /* MacDebug.xcconfig */,
				2251BA4615DBCD3900F2FE40 /* MacRelease.xcconfig */,
				2251BA5C15DBD68500F2FE40 /* IOSUnitTestDebug.xcconfig */,
				2251BA5D15DBD68500F2FE40 /* IOSUnitTestRelease.xcconfig */,
				2251BA5E15DBD68500F2FE40 /* MacUnitTestDebug.xcconfig */,
				2251BA5F15DBD68500F2FE40 /* MacUnitTestRelease.xcconfig */,
			);
			path = Configuration;
			sourceTree = "<group>";
		};
		2251BA6015DBD93700F2FE40 /* Tests */ = {
			isa = PBXGroup;
			children = (
				220D67FB16D43FE000276CD1 /* ECListenerTests.m */,
			);
			path = Tests;
			sourceTree = "<group>";
		};
		2274B37714F56679003B8A0B /* Resources */ = {
			isa = PBXGroup;
			children = (
				2251BA6C15DBDA5100F2FE40 /* Info.plist */,
				2274B37814F56679003B8A0B /* ECNetworkTests.plist */,
			);
			path = Resources;
			sourceTree = "<group>";
		};
		2283A3BD14F52E93009142F7 /* Other Frameworks */ = {
			isa = PBXGroup;
			children = (
				2283A3CD14F52E93009142F7 /* SenTestingKit.framework */,
			);
			name = "Other Frameworks";
			sourceTree = "<group>";
		};
		2283A46414F53BCC009142F7 /* Mac */ = {
			isa = PBXGroup;
			children = (
				220D67E816D43E3300276CD1 /* ECNetwork.h */,
				2204C6F515E2739100F71E15 /* ECLaunchD.h */,
				2204C6F615E2739100F71E15 /* ECLaunchD.m */,
				2204C6F715E2739100F71E15 /* ECMachPorts.h */,
				2204C6F815E2739100F71E15 /* ECMachPorts.m */,
				2204C6F915E2739100F71E15 /* ECUnixPorts.h */,
				2204C6FA15E2739100F71E15 /* ECUnixPorts.m */,
			);
			path = Mac;
			sourceTree = "<group>";
		};
		2283A4C814F53C6F009142F7 /* Prefix */ = {
			isa = PBXGroup;
			children = (
				22970D3C14F5AA80007B254B /* ECNetworkDebug.pch */,
				22970D3D14F5AA80007B254B /* ECNetworkRelease.pch */,
				2283A4CB14F53C6F009142F7 /* ECNetworkShared.pch */,
			);
			path = Prefix;
			sourceTree = "<group>";
		};
		22BBB10114F646D20086974D /* Source */ = {
			isa = PBXGroup;
			children = (
				2251BA4215DBCD3900F2FE40 /* Configuration */,
				2283A46414F53BCC009142F7 /* Mac */,
				220D67FE16D444CD00276CD1 /* iOS */,
				220D67ED16D43F5400276CD1 /* Generic */,
				2283A4C814F53C6F009142F7 /* Prefix */,
				2251BA6015DBD93700F2FE40 /* Tests */,
			);
			path = Source;
			sourceTree = "<group>";
		};
/* End PBXGroup section */

/* Begin PBXHeadersBuildPhase section */
		2251B9FC15DBCC3E00F2FE40 /* Headers */ = {
			isa = PBXHeadersBuildPhase;
			buildActionMask = 2147483647;
			files = (
				2204C6FB15E2739100F71E15 /* ECLaunchD.h in Headers */,
				2204C6FD15E2739100F71E15 /* ECMachPorts.h in Headers */,
				2204C6FF15E2739100F71E15 /* ECUnixPorts.h in Headers */,
				220D67E916D43E3300276CD1 /* ECNetwork.h in Headers */,
				220D67F216D43F5400276CD1 /* ECListener.h in Headers */,
				220D67F616D43F5400276CD1 /* ECNetworkError.h in Headers */,
			);
			runOnlyForDeploymentPostprocessing = 0;
		};
		2251BA7A15DBDC2100F2FE40 /* Headers */ = {
			isa = PBXHeadersBuildPhase;
			buildActionMask = 2147483647;
			files = (
				220D67F316D43F5400276CD1 /* ECListener.h in Headers */,
				220D67F716D43F5400276CD1 /* ECNetworkError.h in Headers */,
				220D680016D444CD00276CD1 /* ECNetwork.h in Headers */,
			);
			runOnlyForDeploymentPostprocessing = 0;
		};
/* End PBXHeadersBuildPhase section */

/* Begin PBXNativeTarget section */
		2251B9FE15DBCC3E00F2FE40 /* ECNetworkMac */ = {
			isa = PBXNativeTarget;
			buildConfigurationList = 2251BA0B15DBCC3E00F2FE40 /* Build configuration list for PBXNativeTarget "ECNetworkMac" */;
			buildPhases = (
				2251B9FA15DBCC3E00F2FE40 /* Sources */,
				2251B9FB15DBCC3E00F2FE40 /* Frameworks */,
				2251B9FC15DBCC3E00F2FE40 /* Headers */,
				2251B9FD15DBCC3E00F2FE40 /* Resources */,
			);
			buildRules = (
			);
			dependencies = (
			);
			name = ECNetworkMac;
			productName = MacFramework;
			productReference = 2251B9FF15DBCC3E00F2FE40 /* ECNetwork.framework */;
			productType = "com.apple.product-type.framework";
		};
		2251BA1115DBCC4A00F2FE40 /* ECNetworkIOS */ = {
			isa = PBXNativeTarget;
			buildConfigurationList = 2251BA1C15DBCC4A00F2FE40 /* Build configuration list for PBXNativeTarget "ECNetworkIOS" */;
			buildPhases = (
				2251BA0E15DBCC4A00F2FE40 /* Sources */,
				2251BA7A15DBDC2100F2FE40 /* Headers */,
				2251BA0F15DBCC4A00F2FE40 /* Frameworks */,
				2251BA1015DBCC4A00F2FE40 /* Resources */,
				2251BA7815DBDBE300F2FE40 /* ShellScript */,
			);
			buildRules = (
			);
			dependencies = (
			);
			name = ECNetworkIOS;
			productName = "iOS Bundle";
			productReference = 2251BA1215DBCC4A00F2FE40 /* ECNetwork.framework */;
			productType = "com.apple.product-type.bundle";
		};
		225EC67111EBAA4800A97AEA /* ECNetworkMacTests */ = {
			isa = PBXNativeTarget;
			buildConfigurationList = 225EC67611EBAA4800A97AEA /* Build configuration list for PBXNativeTarget "ECNetworkMacTests" */;
			buildPhases = (
				225EC66D11EBAA4800A97AEA /* Resources */,
				225EC66E11EBAA4800A97AEA /* Sources */,
				225EC66F11EBAA4800A97AEA /* Frameworks */,
				225EC67011EBAA4800A97AEA /* ShellScript */,
				2251BBA015DC183000F2FE40 /* CopyFiles */,
			);
			buildRules = (
			);
			dependencies = (
			);
			name = ECNetworkMacTests;
			productName = "EC Foundation Unit Tests";
			productReference = 225EC67211EBAA4800A97AEA /* ECNetworkMacTests.octest */;
			productType = "com.apple.product-type.bundle";
		};
		2274B38C14F56896003B8A0B /* ECNetworkIOSTests */ = {
			isa = PBXNativeTarget;
			buildConfigurationList = 2274B3A114F56896003B8A0B /* Build configuration list for PBXNativeTarget "ECNetworkIOSTests" */;
			buildPhases = (
				2274B38814F56896003B8A0B /* Sources */,
				2274B38914F56896003B8A0B /* Frameworks */,
				2274B38A14F56896003B8A0B /* Resources */,
				2274B38B14F56896003B8A0B /* ShellScript */,
			);
			buildRules = (
			);
			dependencies = (
			);
			name = ECNetworkIOSTests;
			productName = blahTests;
			productReference = 2274B38D14F56896003B8A0B /* ECNetworkIOSTests.octest */;
			productType = "com.apple.product-type.bundle";
		};
/* End PBXNativeTarget section */

/* Begin PBXProject section */
		0867D690FE84028FC02AAC07 /* Project object */ = {
			isa = PBXProject;
			attributes = {
				LastUpgradeCheck = 0430;
				ORGANIZATIONNAME = "Elegant Chaos";
			};
			buildConfigurationList = 1DEB91B108733DA50010E9CD /* Build configuration list for PBXProject "ECNetwork" */;
			compatibilityVersion = "Xcode 3.2";
			developmentRegion = English;
			hasScannedForEncodings = 1;
			knownRegions = (
				English,
				Japanese,
				French,
				German,
				en,
				ec,
			);
			mainGroup = 0867D691FE84028FC02AAC07 /* ECFoundation */;
			productRefGroup = 034768DFFF38A50411DB9C8B /* Products */;
			projectDirPath = "";
			projectRoot = "";
			targets = (
				2251B9FE15DBCC3E00F2FE40 /* ECNetworkMac */,
				225EC67111EBAA4800A97AEA /* ECNetworkMacTests */,
				2251BA1115DBCC4A00F2FE40 /* ECNetworkIOS */,
				2274B38C14F56896003B8A0B /* ECNetworkIOSTests */,
			);
		};
/* End PBXProject section */

/* Begin PBXResourcesBuildPhase section */
		2251B9FD15DBCC3E00F2FE40 /* Resources */ = {
			isa = PBXResourcesBuildPhase;
			buildActionMask = 2147483647;
			files = (
			);
			runOnlyForDeploymentPostprocessing = 0;
		};
		2251BA1015DBCC4A00F2FE40 /* Resources */ = {
			isa = PBXResourcesBuildPhase;
			buildActionMask = 2147483647;
			files = (
			);
			runOnlyForDeploymentPostprocessing = 0;
		};
		225EC66D11EBAA4800A97AEA /* Resources */ = {
			isa = PBXResourcesBuildPhase;
			buildActionMask = 2147483647;
			files = (
			);
			runOnlyForDeploymentPostprocessing = 0;
		};
		2274B38A14F56896003B8A0B /* Resources */ = {
			isa = PBXResourcesBuildPhase;
			buildActionMask = 2147483647;
			files = (
			);
			runOnlyForDeploymentPostprocessing = 0;
		};
/* End PBXResourcesBuildPhase section */

/* Begin PBXShellScriptBuildPhase section */
		2251BA7815DBDBE300F2FE40 /* ShellScript */ = {
			isa = PBXShellScriptBuildPhase;
			buildActionMask = 2147483647;
			files = (
			);
			inputPaths = (
			);
			outputPaths = (
			);
			runOnlyForDeploymentPostprocessing = 0;
			shellPath = /bin/sh;
			shellScript = "\"${ECLOGGING_SCRIPTS_PATH}/package-pseudo-framework.sh\"";
			showEnvVarsInLog = 0;
		};
		225EC67011EBAA4800A97AEA /* ShellScript */ = {
			isa = PBXShellScriptBuildPhase;
			buildActionMask = 2147483647;
			files = (
			);
			inputPaths = (
			);
			outputPaths = (
			);
			runOnlyForDeploymentPostprocessing = 0;
			shellPath = /bin/sh;
			shellScript = "# Run the unit tests in this test bundle.\n\"${SYSTEM_DEVELOPER_DIR}/Tools/RunUnitTests\"\n";
			showEnvVarsInLog = 0;
		};
		2274B38B14F56896003B8A0B /* ShellScript */ = {
			isa = PBXShellScriptBuildPhase;
			buildActionMask = 2147483647;
			files = (
			);
			inputPaths = (
			);
			outputPaths = (
			);
			runOnlyForDeploymentPostprocessing = 0;
			shellPath = /bin/sh;
			shellScript = "# Run the unit tests in this test bundle.\n\"${SYSTEM_DEVELOPER_DIR}/Tools/RunUnitTests\"\n";
			showEnvVarsInLog = 0;
		};
/* End PBXShellScriptBuildPhase section */

/* Begin PBXSourcesBuildPhase section */
		2251B9FA15DBCC3E00F2FE40 /* Sources */ = {
			isa = PBXSourcesBuildPhase;
			buildActionMask = 2147483647;
			files = (
				2204C6FC15E2739100F71E15 /* ECLaunchD.m in Sources */,
				2204C6FE15E2739100F71E15 /* ECMachPorts.m in Sources */,
				2204C70015E2739100F71E15 /* ECUnixPorts.m in Sources */,
				220D67F416D43F5400276CD1 /* ECListener.m in Sources */,
				220D67F816D43F5400276CD1 /* ECNetworkError.m in Sources */,
			);
			runOnlyForDeploymentPostprocessing = 0;
		};
		2251BA0E15DBCC4A00F2FE40 /* Sources */ = {
			isa = PBXSourcesBuildPhase;
			buildActionMask = 2147483647;
			files = (
				220D67F516D43F5400276CD1 /* ECListener.m in Sources */,
				220D67F916D43F5400276CD1 /* ECNetworkError.m in Sources */,
			);
			runOnlyForDeploymentPostprocessing = 0;
		};
		225EC66E11EBAA4800A97AEA /* Sources */ = {
			isa = PBXSourcesBuildPhase;
			buildActionMask = 2147483647;
			files = (
				220D67FC16D43FE000276CD1 /* ECListenerTests.m in Sources */,
			);
			runOnlyForDeploymentPostprocessing = 0;
		};
		2274B38814F56896003B8A0B /* Sources */ = {
			isa = PBXSourcesBuildPhase;
			buildActionMask = 2147483647;
			files = (
				220D67FD16D43FE000276CD1 /* ECListenerTests.m in Sources */,
			);
			runOnlyForDeploymentPostprocessing = 0;
		};
/* End PBXSourcesBuildPhase section */

/* Begin XCBuildConfiguration section */
		1DEB91B208733DA50010E9CD /* Debug */ = {
			isa = XCBuildConfiguration;
			buildSettings = {
			};
			name = Debug;
		};
		1DEB91B308733DA50010E9CD /* Release */ = {
			isa = XCBuildConfiguration;
			buildSettings = {
			};
			name = Release;
		};
		2251BA0C15DBCC3E00F2FE40 /* Debug */ = {
			isa = XCBuildConfiguration;
			baseConfigurationReference = 2251BA4515DBCD3900F2FE40 /* MacDebug.xcconfig */;
			buildSettings = {
				ARCHS = "$(ARCHS_STANDARD_64_BIT)";
				GCC_SYMBOLS_PRIVATE_EXTERN = NO;
			};
			name = Debug;
		};
		2251BA0D15DBCC3E00F2FE40 /* Release */ = {
			isa = XCBuildConfiguration;
			baseConfigurationReference = 2251BA4615DBCD3900F2FE40 /* MacRelease.xcconfig */;
			buildSettings = {
				ARCHS = "$(ARCHS_STANDARD_64_BIT)";
				DEBUG_INFORMATION_FORMAT = "dwarf-with-dsym";
			};
			name = Release;
		};
		2251BA1D15DBCC4A00F2FE40 /* Debug */ = {
			isa = XCBuildConfiguration;
			baseConfigurationReference = 2251BA4315DBCD3900F2FE40 /* IOSDebug.xcconfig */;
			buildSettings = {
				FRAMEWORK_SEARCH_PATHS = (
					"$(inherited)",
					"\"/Caches/DerivedData/ECIntegration-fbajcwyruhnhxzgnphlhxaexutkp/Build/Products/Debug\"",
				);
			};
			name = Debug;
		};
		2251BA1E15DBCC4A00F2FE40 /* Release */ = {
			isa = XCBuildConfiguration;
			baseConfigurationReference = 2251BA4415DBCD3900F2FE40 /* IOSRelease.xcconfig */;
			buildSettings = {
				FRAMEWORK_SEARCH_PATHS = (
					"$(inherited)",
					"\"/Caches/DerivedData/ECIntegration-fbajcwyruhnhxzgnphlhxaexutkp/Build/Products/Debug\"",
				);
			};
			name = Release;
		};
		225EC67411EBAA4800A97AEA /* Debug */ = {
			isa = XCBuildConfiguration;
			baseConfigurationReference = 2251BA5E15DBD68500F2FE40 /* MacUnitTestDebug.xcconfig */;
			buildSettings = {
				FRAMEWORK_SEARCH_PATHS = (
					"$(inherited)",
					"\"/Caches/DerivedData/ECIntegration-fbajcwyruhnhxzgnphlhxaexutkp/Build/Products/Debug\"",
				);
				INFOPLIST_FILE = Resources/ECNetworkTests.plist;
				LD_RUNPATH_SEARCH_PATHS = "@loader_path/../Frameworks";
			};
			name = Debug;
		};
		225EC67511EBAA4800A97AEA /* Release */ = {
			isa = XCBuildConfiguration;
			baseConfigurationReference = 2251BA5F15DBD68500F2FE40 /* MacUnitTestRelease.xcconfig */;
			buildSettings = {
				FRAMEWORK_SEARCH_PATHS = (
					"$(inherited)",
					"\"/Caches/DerivedData/ECIntegration-fbajcwyruhnhxzgnphlhxaexutkp/Build/Products/Debug\"",
				);
				INFOPLIST_FILE = Resources/ECNetworkTests.plist;
				LD_RUNPATH_SEARCH_PATHS = "@loader_path/../Frameworks";
			};
			name = Release;
		};
		2274B3A214F56896003B8A0B /* Debug */ = {
			isa = XCBuildConfiguration;
			baseConfigurationReference = 2251BA5C15DBD68500F2FE40 /* IOSUnitTestDebug.xcconfig */;
			buildSettings = {
				INFOPLIST_FILE = Resources/ECNetworkTests.plist;
			};
			name = Debug;
		};
		2274B3A314F56896003B8A0B /* Release */ = {
			isa = XCBuildConfiguration;
			baseConfigurationReference = 2251BA5D15DBD68500F2FE40 /* IOSUnitTestRelease.xcconfig */;
			buildSettings = {
				INFOPLIST_FILE = Resources/ECNetworkTests.plist;
			};
			name = Release;
		};
/* End XCBuildConfiguration section */

/* Begin XCConfigurationList section */
		1DEB91B108733DA50010E9CD /* Build configuration list for PBXProject "ECNetwork" */ = {
			isa = XCConfigurationList;
			buildConfigurations = (
				1DEB91B208733DA50010E9CD /* Debug */,
				1DEB91B308733DA50010E9CD /* Release */,
			);
			defaultConfigurationIsVisible = 0;
			defaultConfigurationName = Debug;
		};
		2251BA0B15DBCC3E00F2FE40 /* Build configuration list for PBXNativeTarget "ECNetworkMac" */ = {
			isa = XCConfigurationList;
			buildConfigurations = (
				2251BA0C15DBCC3E00F2FE40 /* Debug */,
				2251BA0D15DBCC3E00F2FE40 /* Release */,
			);
			defaultConfigurationIsVisible = 0;
			defaultConfigurationName = Debug;
		};
		2251BA1C15DBCC4A00F2FE40 /* Build configuration list for PBXNativeTarget "ECNetworkIOS" */ = {
			isa = XCConfigurationList;
			buildConfigurations = (
				2251BA1D15DBCC4A00F2FE40 /* Debug */,
				2251BA1E15DBCC4A00F2FE40 /* Release */,
			);
			defaultConfigurationIsVisible = 0;
			defaultConfigurationName = Debug;
		};
		225EC67611EBAA4800A97AEA /* Build configuration list for PBXNativeTarget "ECNetworkMacTests" */ = {
			isa = XCConfigurationList;
			buildConfigurations = (
				225EC67411EBAA4800A97AEA /* Debug */,
				225EC67511EBAA4800A97AEA /* Release */,
			);
			defaultConfigurationIsVisible = 0;
			defaultConfigurationName = Debug;
		};
		2274B3A114F56896003B8A0B /* Build configuration list for PBXNativeTarget "ECNetworkIOSTests" */ = {
			isa = XCConfigurationList;
			buildConfigurations = (
				2274B3A214F56896003B8A0B /* Debug */,
				2274B3A314F56896003B8A0B /* Release */,
			);
			defaultConfigurationIsVisible = 0;
			defaultConfigurationName = Debug;
		};
/* End XCConfigurationList section */
	};
	rootObject = 0867D690FE84028FC02AAC07 /* Project object */;
}
